
Microsoft Visual Studio Solution File, Format Version 12.00
# Visual Studio Version 17
VisualStudioVersion = 17.4.33213.308
MinimumVisualStudioVersion = 10.0.40219.1
Project("{FAE04EC0-301F-11D3-BF4B-00C04F79EFBC}") = "zdaj", "zdaj.csproj", "{F86E5A0D-8A58-498A-8A7C-ADA1B9E33F65}"
EndProject
Global
	GlobalSection(SolutionConfigurationPlatforms) = preSolution
		Debug|Any CPU = Debug|Any CPU
		Release|Any CPU = Release|Any CPU
	EndGlobalSection
	GlobalSection(ProjectConfigurationPlatforms) = postSolution
		{F86E5A0D-8A58-498A-8A7C-ADA1B9E33F65}.Debug|Any CPU.ActiveCfg = Debug|Any CPU
		{F86E5A0D-8A58-498A-8A7C-ADA1B9E33F65}.Debug|Any CPU.Build.0 = Debug|Any CPU
		{F86E5A0D-8A58-498A-8A7C-ADA1B9E33F65}.Release|Any CPU.ActiveCfg = Release|Any CPU
		{F86E5A0D-8A58-498A-8A7C-ADA1B9E33F65}.Release|Any CPU.Build.0 = Release|Any CPU
	EndGlobalSection
	GlobalSection(SolutionProperties) = preSolution
		HideSolutionNode = FALSE
	EndGlobalSection
	GlobalSection(ExtensibilityGlobals) = postSolution
		SolutionGuid = {ED8E974E-A650-4448-A0B7-3C09C216E6D6}
	EndGlobalSection
EndGlobal
